
Microsoft Visual Studio Solution File, Format Version 12.00
# Visual Studio 15
VisualStudioVersion = 15.0.27428.2043
MinimumVisualStudioVersion = 10.0.40219.1
Project("{FAE04EC0-301F-11D3-BF4B-00C04F79EFBC}") = "FruitShop", "FruitShop\FruitShop.csproj", "{A920679D-F4BB-425B-B821-0E6F2256F21F}"
EndProject
Global
	GlobalSection(SolutionConfigurationPlatforms) = preSolution
		Debug|Any CPU = Debug|Any CPU
		Release|Any CPU = Release|Any CPU
	EndGlobalSection
	GlobalSection(ProjectConfigurationPlatforms) = postSolution
		{A920679D-F4BB-425B-B821-0E6F2256F21F}.Debug|Any CPU.ActiveCfg = Debug|Any CPU
		{A920679D-F4BB-425B-B821-0E6F2256F21F}.Debug|Any CPU.Build.0 = Debug|Any CPU
		{A920679D-F4BB-425B-B821-0E6F2256F21F}.Release|Any CPU.ActiveCfg = Release|Any CPU
		{A920679D-F4BB-425B-B821-0E6F2256F21F}.Release|Any CPU.Build.0 = Release|Any CPU
	EndGlobalSection
	GlobalSection(SolutionProperties) = preSolution
		HideSolutionNode = FALSE
	EndGlobalSection
	GlobalSection(ExtensibilityGlobals) = postSolution
		SolutionGuid = {A83EB375-09AF-4094-9546-09F9D1AF3886}
	EndGlobalSection
EndGlobal
